
Microsoft Visual Studio Solution File, Format Version 12.00
# Visual Studio Version 17
VisualStudioVersion = 17.5.33414.496
MinimumVisualStudioVersion = 10.0.40219.1
Project("{FAE04EC0-301F-11D3-BF4B-00C04F79EFBC}") = "TP_mod5_1302210004", "TP_mod5_1302210004\TP_mod5_1302210004.csproj", "{7F371A64-B8BE-4366-8365-7A67FB8755C1}"
EndProject
Global
	GlobalSection(SolutionConfigurationPlatforms) = preSolution
		Debug|Any CPU = Debug|Any CPU
		Release|Any CPU = Release|Any CPU
	EndGlobalSection
	GlobalSection(ProjectConfigurationPlatforms) = postSolution
		{7F371A64-B8BE-4366-8365-7A67FB8755C1}.Debug|Any CPU.ActiveCfg = Debug|Any CPU
		{7F371A64-B8BE-4366-8365-7A67FB8755C1}.Debug|Any CPU.Build.0 = Debug|Any CPU
		{7F371A64-B8BE-4366-8365-7A67FB8755C1}.Release|Any CPU.ActiveCfg = Release|Any CPU
		{7F371A64-B8BE-4366-8365-7A67FB8755C1}.Release|Any CPU.Build.0 = Release|Any CPU
	EndGlobalSection
	GlobalSection(SolutionProperties) = preSolution
		HideSolutionNode = FALSE
	EndGlobalSection
	GlobalSection(ExtensibilityGlobals) = postSolution
		SolutionGuid = {15750757-43C1-49D9-A957-694F5B959014}
	EndGlobalSection
EndGlobal
